
Microsoft Visual Studio Solution File, Format Version 12.00
# Visual Studio Version 17
VisualStudioVersion = 17.9.34310.174
MinimumVisualStudioVersion = 10.0.40219.1
Project("{FAE04EC0-301F-11D3-BF4B-00C04F79EFBC}") = "FixIt", "FixIt.csproj", "{A94569A9-09D1-4540-A352-F7EC389372D0}"
EndProject
Global
	GlobalSection(SolutionConfigurationPlatforms) = preSolution
		Debug|Any CPU = Debug|Any CPU
		Release|Any CPU = Release|Any CPU
	EndGlobalSection
	GlobalSection(ProjectConfigurationPlatforms) = postSolution
		{A94569A9-09D1-4540-A352-F7EC389372D0}.Debug|Any CPU.ActiveCfg = Debug|Any CPU
		{A94569A9-09D1-4540-A352-F7EC389372D0}.Debug|Any CPU.Build.0 = Debug|Any CPU
		{A94569A9-09D1-4540-A352-F7EC389372D0}.Release|Any CPU.ActiveCfg = Release|Any CPU
		{A94569A9-09D1-4540-A352-F7EC389372D0}.Release|Any CPU.Build.0 = Release|Any CPU
	EndGlobalSection
	GlobalSection(SolutionProperties) = preSolution
		HideSolutionNode = FALSE
	EndGlobalSection
	GlobalSection(ExtensibilityGlobals) = postSolution
		SolutionGuid = {545B95C5-FE72-4ADE-81B7-D30A1D7BD684}
	EndGlobalSection
EndGlobal
